
Microsoft Visual Studio Solution File, Format Version 12.00
# Visual Studio Version 16
VisualStudioVersion = 16.0.31129.286
MinimumVisualStudioVersion = 10.0.40219.1
Project("{FAE04EC0-301F-11D3-BF4B-00C04F79EFBC}") = "DisplayWindow", "DisplayWindow\DisplayWindow.csproj", "{994A9B0C-16D2-4C2B-B45E-2CA29CF80E79}"
EndProject
Global
	GlobalSection(SolutionConfigurationPlatforms) = preSolution
		Debug|Any CPU = Debug|Any CPU
		Release|Any CPU = Release|Any CPU
	EndGlobalSection
	GlobalSection(ProjectConfigurationPlatforms) = postSolution
		{994A9B0C-16D2-4C2B-B45E-2CA29CF80E79}.Debug|Any CPU.ActiveCfg = Debug|Any CPU
		{994A9B0C-16D2-4C2B-B45E-2CA29CF80E79}.Debug|Any CPU.Build.0 = Debug|Any CPU
		{994A9B0C-16D2-4C2B-B45E-2CA29CF80E79}.Release|Any CPU.ActiveCfg = Release|Any CPU
		{994A9B0C-16D2-4C2B-B45E-2CA29CF80E79}.Release|Any CPU.Build.0 = Release|Any CPU
	EndGlobalSection
	GlobalSection(SolutionProperties) = preSolution
		HideSolutionNode = FALSE
	EndGlobalSection
	GlobalSection(ExtensibilityGlobals) = postSolution
		SolutionGuid = {DB9A214A-3191-4A7E-B27E-9EC20A1AC65B}
	EndGlobalSection
EndGlobal
